
Microsoft Visual Studio Solution File, Format Version 12.00
# Visual Studio 14
VisualStudioVersion = 14.0.25420.1
MinimumVisualStudioVersion = 10.0.40219.1
Project("{FAE04EC0-301F-11D3-BF4B-00C04F79EFBC}") = "Org.Edgerunner.FluentGuard", "Org.Edgerunner.FluentGuard\Org.Edgerunner.FluentGuard.csproj", "{F8064CF1-E1B9-40E4-873A-B9DF8C43646A}"
EndProject
Project("{FAE04EC0-301F-11D3-BF4B-00C04F79EFBC}") = "Org.Edgerunner.FluentGuard.Tests", "Org.Edgerunner.FluentGuard.Tests\Org.Edgerunner.FluentGuard.Tests.csproj", "{82A70526-6388-473F-86AA-423EDFFFF6C3}"
EndProject
Project("{FAE04EC0-301F-11D3-BF4B-00C04F79EFBC}") = "Benchmark", "Org.Edgerunner.FluentGuard.Benchmark\Benchmark.csproj", "{13D4A36C-D0DF-4628-BC23-896DCFD32B05}"
EndProject
Project("{2150E333-8FDC-42A3-9474-1A3956D46DE8}") = "Build Scripts", "Build Scripts", "{E37FD066-4B4E-41EC-8557-2C43572B30B0}"
	ProjectSection(SolutionItems) = preProject
		build.cake = build.cake
		build.ps1 = build.ps1
	EndProjectSection
EndProject
Global
	GlobalSection(SolutionConfigurationPlatforms) = preSolution
		Debug|Any CPU = Debug|Any CPU
		NDepend|Any CPU = NDepend|Any CPU
		Release|Any CPU = Release|Any CPU
	EndGlobalSection
	GlobalSection(ProjectConfigurationPlatforms) = postSolution
		{F8064CF1-E1B9-40E4-873A-B9DF8C43646A}.Debug|Any CPU.ActiveCfg = Debug|Any CPU
		{F8064CF1-E1B9-40E4-873A-B9DF8C43646A}.Debug|Any CPU.Build.0 = Debug|Any CPU
		{F8064CF1-E1B9-40E4-873A-B9DF8C43646A}.NDepend|Any CPU.ActiveCfg = NDepend|Any CPU
		{F8064CF1-E1B9-40E4-873A-B9DF8C43646A}.NDepend|Any CPU.Build.0 = NDepend|Any CPU
		{F8064CF1-E1B9-40E4-873A-B9DF8C43646A}.Release|Any CPU.ActiveCfg = Release|Any CPU
		{F8064CF1-E1B9-40E4-873A-B9DF8C43646A}.Release|Any CPU.Build.0 = Release|Any CPU
		{82A70526-6388-473F-86AA-423EDFFFF6C3}.Debug|Any CPU.ActiveCfg = Debug|Any CPU
		{82A70526-6388-473F-86AA-423EDFFFF6C3}.Debug|Any CPU.Build.0 = Debug|Any CPU
		{82A70526-6388-473F-86AA-423EDFFFF6C3}.NDepend|Any CPU.ActiveCfg = NDepend|Any CPU
		{82A70526-6388-473F-86AA-423EDFFFF6C3}.NDepend|Any CPU.Build.0 = NDepend|Any CPU
		{82A70526-6388-473F-86AA-423EDFFFF6C3}.Release|Any CPU.ActiveCfg = Release|Any CPU
		{82A70526-6388-473F-86AA-423EDFFFF6C3}.Release|Any CPU.Build.0 = Release|Any CPU
		{13D4A36C-D0DF-4628-BC23-896DCFD32B05}.Debug|Any CPU.ActiveCfg = Debug|Any CPU
		{13D4A36C-D0DF-4628-BC23-896DCFD32B05}.Debug|Any CPU.Build.0 = Debug|Any CPU
		{13D4A36C-D0DF-4628-BC23-896DCFD32B05}.NDepend|Any CPU.ActiveCfg = NDepend|Any CPU
		{13D4A36C-D0DF-4628-BC23-896DCFD32B05}.NDepend|Any CPU.Build.0 = NDepend|Any CPU
		{13D4A36C-D0DF-4628-BC23-896DCFD32B05}.Release|Any CPU.ActiveCfg = Release|Any CPU
		{13D4A36C-D0DF-4628-BC23-896DCFD32B05}.Release|Any CPU.Build.0 = Release|Any CPU
	EndGlobalSection
	GlobalSection(SolutionProperties) = preSolution
		HideSolutionNode = FALSE
	EndGlobalSection
EndGlobal
